{
  "name": "polli",
  "lockfileVersion": 3,
  "requires": true,
  "packages": {
    "": {
      "name": "polli",
      "dependencies": {
        "@colbymchenry/codegraph": "1.6.0"
      }
    },
    "node_modules/@colbymchenry/codegraph": {
      "version": "1.6.0",
      "resolved": "https://registry.npmjs.org/@colbymchenry/codegraph/-/codegraph-1.6.0.tgz",
      "integrity": "sha512-nCN40MqmYxF7gH1QTKqlxJ1d2mzwhw3fzSdGV2wjnQKsymjM3JZnH/5rpGqhBkcUEom0qWq0WjDRvOZh2t8mFA==",
      "license": "MIT",
      "bin": {
        "codegraph": "npm-shim.js"
      },
      "optionalDependencies": {
        "@colbymchenry/codegraph-darwin-arm64": "1.6.0",
        "@colbymchenry/codegraph-darwin-x64": "1.6.0",
        "@colbymchenry/codegraph-linux-arm64": "1.6.0",
        "@colbymchenry/codegraph-linux-x64": "1.6.0",
        "@colbymchenry/codegraph-win32-arm64": "1.6.0",
        "@colbymchenry/codegraph-win32-x64": "1.6.0"
      }
    },
    "node_modules/@colbymchenry/codegraph-darwin-arm64": {
      "version": "1.6.0",
      "resolved": "https://registry.npmjs.org/@colbymchenry/codegraph-darwin-arm64/-/codegraph-darwin-arm64-1.6.0.tgz",
      "integrity": "sha512-usYVM30d7kH2Fm3ZPkiE84J8bWAicPsw/3Kh8LjbwvHkBkU3IlEYRQFkTDAf+HSRLLs8h5w/5WHkx/FvNKRZ/g==",
      "cpu": [
        "arm64"
      ],
      "license": "MIT",
      "optional": true,
      "os": [
        "darwin"
      ]
    },
    "node_modules/@colbymchenry/codegraph-darwin-x64": {
      "version": "1.6.0",
      "resolved": "https://registry.npmjs.org/@colbymchenry/codegraph-darwin-x64/-/codegraph-darwin-x64-1.6.0.tgz",
      "integrity": "sha512-MMYFseqAmytsj47ZsGZI+0OVDTYsEktHg6x42tB6y+8MWUjvH1ivz5Yk6RtX6iFAnNJeMSlV+SJepfP7pvbNbQ==",
      "cpu": [
        "x64"
      ],
      "license": "MIT",
      "optional": true,
      "os": [
        "darwin"
      ]
    },
    "node_modules/@colbymchenry/codegraph-linux-arm64": {
      "version": "1.6.0",
      "resolved": "https://registry.npmjs.org/@colbymchenry/codegraph-linux-arm64/-/codegraph-linux-arm64-1.6.0.tgz",
      "integrity": "sha512-Uk2xKPh/DP/B0r4tg/uNZFwMsJDB+uKSbTN+Pcbf2F7PjolrqiFiR/9uqj8rndTjWmWDnxEK6IafJ1AOW4TpLA==",
      "cpu": [
        "arm64"
      ],
      "license": "MIT",
      "optional": true,
      "os": [
        "linux"
      ]
    },
    "node_modules/@colbymchenry/codegraph-linux-x64": {
      "version": "1.6.0",
      "resolved": "https://registry.npmjs.org/@colbymchenry/codegraph-linux-x64/-/codegraph-linux-x64-1.6.0.tgz",
      "integrity": "sha512-zQMtxLdFBB5tNSuCIk5zLW281I/AMyfWqwjIcg1h7n521174Es54xlnWuEhmTPWKYSmMuOpInKeE6YpOPtERuQ==",
      "cpu": [
        "x64"
      ],
      "license": "MIT",
      "optional": true,
      "os": [
        "linux"
      ]
    },
    "node_modules/@colbymchenry/codegraph-win32-arm64": {
      "version": "1.6.0",
      "resolved": "https://registry.npmjs.org/@colbymchenry/codegraph-win32-arm64/-/codegraph-win32-arm64-1.6.0.tgz",
      "integrity": "sha512-O5/xEp8RDiJh3cbto2Dg94uk02zO70UCq5OuvP1aJV9ZQmMKKFTnOWNyeZi+LSHMO5CQOv3kfskrORmGAB5+xw==",
      "cpu": [
        "arm64"
      ],
      "license": "MIT",
      "optional": true,
      "os": [
        "win32"
      ]
    },
    "node_modules/@colbymchenry/codegraph-win32-x64": {
      "version": "1.6.0",
      "resolved": "https://registry.npmjs.org/@colbymchenry/codegraph-win32-x64/-/codegraph-win32-x64-1.6.0.tgz",
      "integrity": "sha512-zSjrLgkE2j2UYsPp6ThlVKL4xoZ1WnMkOfNH8i3XFGNXBS8p500WFA9bh0JJJ+IQx6vhtltTxTTdlVmVICGYsw==",
      "cpu": [
        "x64"
      ],
      "license": "MIT",
      "optional": true,
      "os": [
        "win32"
      ]
    }
  }
}
