{
    "name": "pollinations-model-resolver",
    "lockfileVersion": 3,
    "requires": true,
    "packages": {
        "": {
            "name": "pollinations-model-resolver",
            "dependencies": {
                "e2b": "2.52.0"
            }
        },
        "node_modules/@bufbuild/protobuf": {
            "version": "2.16.0",
            "resolved": "https://registry.npmjs.org/@bufbuild/protobuf/-/protobuf-2.16.0.tgz",
            "integrity": "sha512-FWa0sPlqYGJgpTs6OxBRcL/AW4JT0OIO+W1ajerluoTVh8CV0B7XM1qsNCRgnkSCkRCgOICKHRQlY17jrsm0+Q==",
            "license": "(Apache-2.0 AND BSD-3-Clause)"
        },
        "node_modules/@connectrpc/connect": {
            "version": "2.2.0",
            "resolved": "https://registry.npmjs.org/@connectrpc/connect/-/connect-2.2.0.tgz",
            "integrity": "sha512-M63OQ1ZFcPUm85CuewJ9G9CMV8LjzGR9935xOnXNQGSazAbwMb3x2W7vXBYM1zqrP7XFD8uxp/dUAhirclgwnQ==",
            "license": "Apache-2.0",
            "peerDependencies": {
                "@bufbuild/protobuf": "^2.7.0"
            }
        },
        "node_modules/@connectrpc/connect-web": {
            "version": "2.2.0",
            "resolved": "https://registry.npmjs.org/@connectrpc/connect-web/-/connect-web-2.2.0.tgz",
            "integrity": "sha512-uuBUcBTYfb/r1o98LzCCZk1H90yx0vmZ5m21dpw/q4EUwsKwkCDGI8H0aEdjcZld+Q2jJ5A5ADvPqfb6lzQ/sg==",
            "license": "Apache-2.0",
            "peerDependencies": {
                "@bufbuild/protobuf": "^2.7.0",
                "@connectrpc/connect": "2.2.0"
            }
        },
        "node_modules/@isaacs/fs-minipass": {
            "version": "4.0.1",
            "resolved": "https://registry.npmjs.org/@isaacs/fs-minipass/-/fs-minipass-4.0.1.tgz",
            "integrity": "sha512-wgm9Ehl2jpeqP3zw/7mo3kRHFp5MEDhqAdwy1fTGkHAwnkGOVsgpvQhL8B5n1qlb01jV3n/bI0ZfZp5lWA1k4w==",
            "license": "ISC",
            "dependencies": {
                "minipass": "^7.0.4"
            },
            "engines": {
                "node": ">=18.0.0"
            }
        },
        "node_modules/balanced-match": {
            "version": "4.0.4",
            "resolved": "https://registry.npmjs.org/balanced-match/-/balanced-match-4.0.4.tgz",
            "integrity": "sha512-BLrgEcRTwX2o6gGxGOCNyMvGSp35YofuYzw9h1IMTRmKqttAZZVU67bdb9Pr2vUHA8+j3i2tJfjO6C6+4myGTA==",
            "license": "MIT",
            "engines": {
                "node": "18 || 20 || >=22"
            }
        },
        "node_modules/brace-expansion": {
            "version": "5.0.12",
            "resolved": "https://registry.npmjs.org/brace-expansion/-/brace-expansion-5.0.12.tgz",
            "integrity": "sha512-YovQ3rzhaLMIrDjNDMkNS01tea93qhEhG5xy8f6+R0l+dw3Ki+5sCoIoI942iuLZTHWogWktgwVDhU09iNEimQ==",
            "license": "MIT",
            "dependencies": {
                "balanced-match": "^4.0.2"
            },
            "engines": {
                "node": "20 || >=22"
            }
        },
        "node_modules/chalk": {
            "version": "5.6.2",
            "resolved": "https://registry.npmjs.org/chalk/-/chalk-5.6.2.tgz",
            "integrity": "sha512-7NzBL0rN6fMUW+f7A6Io4h40qQlG+xGmtMxfbnH/K7TAtt8JQWVQK+6g0UXKMeVJoyV5EkkNsErQ8pVD3bLHbA==",
            "license": "MIT",
            "engines": {
                "node": "^12.17.0 || ^14.13 || >=16.0.0"
            },
            "funding": {
                "url": "https://github.com/chalk/chalk?sponsor=1"
            }
        },
        "node_modules/chownr": {
            "version": "3.0.0",
            "resolved": "https://registry.npmjs.org/chownr/-/chownr-3.0.0.tgz",
            "integrity": "sha512-+IxzY9BZOQd/XuYPRmrvEVjF/nqj5kgT4kEq7VofrDoM1MxoRjEWkrCC3EtLi59TVawxTAn+orJwFQcrqEN1+g==",
            "license": "BlueOak-1.0.0",
            "engines": {
                "node": ">=18"
            }
        },
        "node_modules/compare-versions": {
            "version": "6.1.1",
            "resolved": "https://registry.npmjs.org/compare-versions/-/compare-versions-6.1.1.tgz",
            "integrity": "sha512-4hm4VPpIecmlg59CHXnRDnqGplJFrbLG4aFEl5vl6cK1u76ws3LLvX7ikFnTDl5vo39sjWD6AaDPYodJp/NNHg==",
            "license": "MIT"
        },
        "node_modules/dockerfile-ast": {
            "version": "0.7.1",
            "resolved": "https://registry.npmjs.org/dockerfile-ast/-/dockerfile-ast-0.7.1.tgz",
            "integrity": "sha512-oX/A4I0EhSkGqrFv0YuvPkBUSYp1XiY8O8zAKc8Djglx8ocz+JfOr8gP0ryRMC2myqvDLagmnZaU9ot1vG2ijw==",
            "license": "MIT",
            "dependencies": {
                "vscode-languageserver-textdocument": "^1.0.8",
                "vscode-languageserver-types": "^3.17.3"
            },
            "engines": {
                "node": "*"
            }
        },
        "node_modules/e2b": {
            "version": "2.52.0",
            "resolved": "https://registry.npmjs.org/e2b/-/e2b-2.52.0.tgz",
            "integrity": "sha512-TmUZlAvQq8BbguodpA+BBdawR/x5uILMQtHcLkdaLUqevsDjDdh46IYYU8ZRYKsQ4OhWr4xhsFIPSg1kgf+O0w==",
            "license": "MIT",
            "dependencies": {
                "@bufbuild/protobuf": "^2.15.0",
                "@connectrpc/connect": "^2.2.0",
                "@connectrpc/connect-web": "^2.2.0",
                "chalk": "^5.6.2",
                "compare-versions": "^6.1.0",
                "dockerfile-ast": "^0.7.1",
                "glob": "^13.0.6",
                "openapi-fetch": "^0.17.0",
                "platform": "^1.3.6",
                "tar": "^7.5.22",
                "undici": "^7.29.1"
            },
            "engines": {
                "node": ">=20.18.1 <21 || >=22"
            },
            "optionalDependencies": {
                "undici8": "npm:undici@8.10.2"
            }
        },
        "node_modules/glob": {
            "version": "13.0.6",
            "resolved": "https://registry.npmjs.org/glob/-/glob-13.0.6.tgz",
            "integrity": "sha512-Wjlyrolmm8uDpm/ogGyXZXb1Z+Ca2B8NbJwqBVg0axK9GbBeoS7yGV6vjXnYdGm6X53iehEuxxbyiKp8QmN4Vw==",
            "license": "BlueOak-1.0.0",
            "dependencies": {
                "minimatch": "^10.2.2",
                "minipass": "^7.1.3",
                "path-scurry": "^2.0.2"
            },
            "engines": {
                "node": "18 || 20 || >=22"
            },
            "funding": {
                "url": "https://github.com/sponsors/isaacs"
            }
        },
        "node_modules/lru-cache": {
            "version": "11.5.3",
            "resolved": "https://registry.npmjs.org/lru-cache/-/lru-cache-11.5.3.tgz",
            "integrity": "sha512-U4N8FgzmWxc8k1VH8Kr6lQg18U7Fjvby6wXHVRX/ZZ7IwWbRMgrRbP0Wrb5q5NVinryp4SQampHKdvtecItxUg==",
            "license": "BlueOak-1.0.0",
            "engines": {
                "node": "20 || >=22"
            }
        },
        "node_modules/minimatch": {
            "version": "10.2.6",
            "resolved": "https://registry.npmjs.org/minimatch/-/minimatch-10.2.6.tgz",
            "integrity": "sha512-vpLQEs+VLCr1nU0BXS07maYoFwlDAH0gngQuuttxIwutDFEMHq2blX+8vpgxDdK3J1PwjCJiep77OitTZ4Ll1A==",
            "license": "BlueOak-1.0.0",
            "dependencies": {
                "brace-expansion": "^5.0.8"
            },
            "engines": {
                "node": "18 || 20 || >=22"
            },
            "funding": {
                "url": "https://github.com/sponsors/isaacs"
            }
        },
        "node_modules/minipass": {
            "version": "7.1.3",
            "resolved": "https://registry.npmjs.org/minipass/-/minipass-7.1.3.tgz",
            "integrity": "sha512-tEBHqDnIoM/1rXME1zgka9g6Q2lcoCkxHLuc7ODJ5BxbP5d4c2Z5cGgtXAku59200Cx7diuHTOYfSBD8n6mm8A==",
            "license": "BlueOak-1.0.0",
            "engines": {
                "node": ">=16 || 14 >=14.17"
            }
        },
        "node_modules/minizlib": {
            "version": "3.1.0",
            "resolved": "https://registry.npmjs.org/minizlib/-/minizlib-3.1.0.tgz",
            "integrity": "sha512-KZxYo1BUkWD2TVFLr0MQoM8vUUigWD3LlD83a/75BqC+4qE0Hb1Vo5v1FgcfaNXvfXzr+5EhQ6ing/CaBijTlw==",
            "license": "MIT",
            "dependencies": {
                "minipass": "^7.1.2"
            },
            "engines": {
                "node": ">= 18"
            }
        },
        "node_modules/openapi-fetch": {
            "version": "0.17.0",
            "resolved": "https://registry.npmjs.org/openapi-fetch/-/openapi-fetch-0.17.0.tgz",
            "integrity": "sha512-PsbZR1wAPcG91eEthKhN+Zn92FMHxv+/faECIwjXdxfTODGSGegYv0sc1Olz+HYPvKOuoXfp+0pA2XVt2cI0Ig==",
            "license": "MIT",
            "dependencies": {
                "openapi-typescript-helpers": "^0.1.0"
            }
        },
        "node_modules/openapi-typescript-helpers": {
            "version": "0.1.0",
            "resolved": "https://registry.npmjs.org/openapi-typescript-helpers/-/openapi-typescript-helpers-0.1.0.tgz",
            "integrity": "sha512-OKTGPthhivLw/fHz6c3OPtg72vi86qaMlqbJuVJ23qOvQ+53uw1n7HdmkJFibloF7QEjDrDkzJiOJuockM/ljw==",
            "license": "MIT"
        },
        "node_modules/path-scurry": {
            "version": "2.0.2",
            "resolved": "https://registry.npmjs.org/path-scurry/-/path-scurry-2.0.2.tgz",
            "integrity": "sha512-3O/iVVsJAPsOnpwWIeD+d6z/7PmqApyQePUtCndjatj/9I5LylHvt5qluFaBT3I5h3r1ejfR056c+FCv+NnNXg==",
            "license": "BlueOak-1.0.0",
            "dependencies": {
                "lru-cache": "^11.0.0",
                "minipass": "^7.1.2"
            },
            "engines": {
                "node": "18 || 20 || >=22"
            },
            "funding": {
                "url": "https://github.com/sponsors/isaacs"
            }
        },
        "node_modules/platform": {
            "version": "1.3.6",
            "resolved": "https://registry.npmjs.org/platform/-/platform-1.3.6.tgz",
            "integrity": "sha512-fnWVljUchTro6RiCFvCXBbNhJc2NijN7oIQxbwsyL0buWJPG85v81ehlHI9fXrJsMNgTofEoWIQeClKpgxFLrg==",
            "license": "MIT"
        },
        "node_modules/tar": {
            "version": "7.5.22",
            "resolved": "https://registry.npmjs.org/tar/-/tar-7.5.22.tgz",
            "integrity": "sha512-MFO/QzvtAOmJbkhOaCTvbGcFN9L9b+JunIsDwaKljSOdcLMea3NJ1k9Usz/rjdfSXTq4dfzfeS7W4p4YOAAHeA==",
            "license": "BlueOak-1.0.0",
            "dependencies": {
                "@isaacs/fs-minipass": "^4.0.0",
                "chownr": "^3.0.0",
                "minipass": "^7.1.2",
                "minizlib": "^3.1.0",
                "yallist": "^5.0.0"
            },
            "engines": {
                "node": ">=18"
            }
        },
        "node_modules/undici": {
            "version": "7.30.0",
            "resolved": "https://registry.npmjs.org/undici/-/undici-7.30.0.tgz",
            "integrity": "sha512-dkrQXeHSaoamnItlYbmzG0wFYrM0ZwDxCIg0A7aKjTyyhh9svRzCNFEzV+Vm05/yehjCzjDZ31KXfGEjYSztDQ==",
            "license": "MIT",
            "engines": {
                "node": ">=20.18.1"
            }
        },
        "node_modules/undici8": {
            "name": "undici",
            "version": "8.10.2",
            "resolved": "https://registry.npmjs.org/undici/-/undici-8.10.2.tgz",
            "integrity": "sha512-/y4/bH9YNU5hi9NIrpOuvGXFcxrj3CMrV+/AYpowAYTpHn8gX/XPFjNy766FPoYY0miQhdW977JFWKGNhBdwyQ==",
            "license": "MIT",
            "optional": true,
            "engines": {
                "node": ">=22.19.0"
            }
        },
        "node_modules/vscode-languageserver-textdocument": {
            "version": "1.0.15",
            "resolved": "https://registry.npmjs.org/vscode-languageserver-textdocument/-/vscode-languageserver-textdocument-1.0.15.tgz",
            "integrity": "sha512-Gsfr9S8LU3S6885cS+NaleasJ0n3V5y/SOTqHCifQiXWFw3G9w9/YItDfwHrlCz+dSZWWZ8ilYVMcJe7Sz7Sxw==",
            "license": "MIT"
        },
        "node_modules/vscode-languageserver-types": {
            "version": "3.18.4",
            "resolved": "https://registry.npmjs.org/vscode-languageserver-types/-/vscode-languageserver-types-3.18.4.tgz",
            "integrity": "sha512-nQsacoiijvl0fRf2q28uFDrAVwRhdCa3QveiF7/CX0r18mLR5FU/1WskSsCKOjmEbtteKUnY8x8Yzxop+k0zwg==",
            "license": "MIT"
        },
        "node_modules/yallist": {
            "version": "5.0.0",
            "resolved": "https://registry.npmjs.org/yallist/-/yallist-5.0.0.tgz",
            "integrity": "sha512-YgvUTfwqyc7UXVMrB+SImsVYSmTS8X/tSrtdNZMImM+n7+QTriRXyXim0mBrTXNeqzVF0KWGgHPeiyViFFrNDw==",
            "license": "BlueOak-1.0.0",
            "engines": {
                "node": ">=18"
            }
        }
    }
}
