{
  "name": "pollinations",
  "lockfileVersion": 3,
  "requires": true,
  "packages": {
    "": {
      "devDependencies": {
        "@cloudflare/workers-types": "^4.20250704.0"
      }
    },
    "node_modules/@cloudflare/workers-types": {
      "version": "4.20250704.0",
      "resolved": "https://registry.npmjs.org/@cloudflare/workers-types/-/workers-types-4.20250704.0.tgz",
      "integrity": "sha512-KR8XwXVnJdbSStdmmkkqE0ac5UCrRT+HyFnpt/VcVMzEVeAiZfH0VAcYXasMs842CE1BsdbQG0FboVV9EmyMpQ==",
      "dev": true
    }
  }
}
