{
  "name": "envisioning-ml",
  "version": "1.0.0",
  "lockfileVersion": 1,
  "requires": true,
  "dependencies": {
    "@stomp/rx-stomp": {
      "version": "1.1.0",
      "resolved": "https://registry.npmjs.org/@stomp/rx-stomp/-/rx-stomp-1.1.0.tgz",
      "integrity": "sha512-pIUN5ZtatTIqV02c1C4YNtDEKgD4dMA5rFKCe0urFA6mxC3UZBg0xFgMBzPaxmZoSTeU9wXrRPZkSLkF5QFjhg==",
      "requires": {
        "@stomp/stompjs": "^6.0.0 >=6.1.0",
        "angular2-uuid": "^1.1.1"
      }
    },
    "@stomp/stompjs": {
      "version": "6.1.0",
      "resolved": "https://registry.npmjs.org/@stomp/stompjs/-/stompjs-6.1.0.tgz",
      "integrity": "sha512-Bt+whL0V51rSKP35OkgM1yeVu/usunpz5l1VYuoWw8mGsDMNd3W3FpWa4/4eis6QfXO3uteNGfyE21XWn0pGAQ=="
    },
    "angular2-uuid": {
      "version": "1.1.1",
      "resolved": "https://registry.npmjs.org/angular2-uuid/-/angular2-uuid-1.1.1.tgz",
      "integrity": "sha1-cvA81TK39AAy6x7PufhFc4S+lW4="
    },
    "ws": {
      "version": "7.4.4",
      "resolved": "https://registry.npmjs.org/ws/-/ws-7.4.4.tgz",
      "integrity": "sha512-Qm8k8ojNQIMx7S+Zp8u/uHOx7Qazv3Yv4q68MiWWWOJhiwG5W3x7iqmRtJo8xxrciZUY4vRxUTJCKuRnF28ZZw=="
    }
  }
}
