{
  "name": "cf",
  "version": "1.0.0",
  "lockfileVersion": 3,
  "requires": true,
  "packages": {
    "": {
      "name": "cf",
      "version": "1.0.0",
      "license": "ISC",
      "dependencies": {
        "@cloudflare/containers": "^0.3.7"
      }
    },
    "node_modules/@cloudflare/containers": {
      "version": "0.3.7",
      "resolved": "https://registry.npmjs.org/@cloudflare/containers/-/containers-0.3.7.tgz",
      "integrity": "sha512-DM9dm3FnIBSyiSJ1FLavKwl/lk3oAmTaynCzZQ9pZR0ncRPquSxkxd8Nu2MFILxmDDsPkxKsSNEh9mHHMty4Fw==",
      "license": "MIT OR Apache-2.0"
    }
  }
}
