{
    "name": "pollinations-shared",
    "version": "1.0.0",
    "lockfileVersion": 3,
    "requires": true,
    "packages": {
        "": {
            "name": "pollinations-shared",
            "version": "1.0.0",
            "dependencies": {
                "debug": "^4.4.1",
                "dotenv": "^16.5.0",
                "memoizee": "^0.4.17",
                "node-fetch": "^3.3.2",
                "p-queue": "^7.4.1"
            }
        },
        "node_modules/d": {
            "version": "1.0.2",
            "resolved": "https://registry.npmjs.org/d/-/d-1.0.2.tgz",
            "integrity": "sha512-MOqHvMWF9/9MX6nza0KgvFH4HpMU0EF5uUDXqX/BtxtU8NfB0QzRtJ8Oe/6SuS4kbhyzVJwjd97EA4PKrzJ8bw==",
            "license": "ISC",
            "dependencies": {
                "es5-ext": "^0.10.64",
                "type": "^2.7.2"
            },
            "engines": {
                "node": ">=0.12"
            }
        },
        "node_modules/data-uri-to-buffer": {
            "version": "4.0.1",
            "resolved": "https://registry.npmjs.org/data-uri-to-buffer/-/data-uri-to-buffer-4.0.1.tgz",
            "integrity": "sha512-0R9ikRb668HB7QDxT1vkpuUBtqc53YyAwMwGeUFKRojY/NWKvdZ+9UYtRfGmhqNbRkTSVpMbmyhXipFFv2cb/A==",
            "license": "MIT",
            "engines": {
                "node": ">= 12"
            }
        },
        "node_modules/debug": {
            "version": "4.4.1",
            "resolved": "https://registry.npmjs.org/debug/-/debug-4.4.1.tgz",
            "integrity": "sha512-KcKCqiftBJcZr++7ykoDIEwSa3XWowTfNPo92BYxjXiyYEVrUQh2aLyhxBCwww+heortUFxEJYcRzosstTEBYQ==",
            "license": "MIT",
            "dependencies": {
                "ms": "^2.1.3"
            },
            "engines": {
                "node": ">=6.0"
            },
            "peerDependenciesMeta": {
                "supports-color": {
                    "optional": true
                }
            }
        },
        "node_modules/dotenv": {
            "version": "16.5.0",
            "resolved": "https://registry.npmjs.org/dotenv/-/dotenv-16.5.0.tgz",
            "integrity": "sha512-m/C+AwOAr9/W1UOIZUo232ejMNnJAJtYQjUbHoNTBNTJSvqzzDh7vnrei3o3r3m9blf6ZoDkvcw0VmozNRFJxg==",
            "license": "BSD-2-Clause",
            "engines": {
                "node": ">=12"
            },
            "funding": {
                "url": "https://dotenvx.com"
            }
        },
        "node_modules/es5-ext": {
            "version": "0.10.64",
            "resolved": "https://registry.npmjs.org/es5-ext/-/es5-ext-0.10.64.tgz",
            "integrity": "sha512-p2snDhiLaXe6dahss1LddxqEm+SkuDvV8dnIQG0MWjyHpcMNfXKPE+/Cc0y+PhxJX3A4xGNeFCj5oc0BUh6deg==",
            "hasInstallScript": true,
            "license": "ISC",
            "dependencies": {
                "es6-iterator": "^2.0.3",
                "es6-symbol": "^3.1.3",
                "esniff": "^2.0.1",
                "next-tick": "^1.1.0"
            },
            "engines": {
                "node": ">=0.10"
            }
        },
        "node_modules/es6-iterator": {
            "version": "2.0.3",
            "resolved": "https://registry.npmjs.org/es6-iterator/-/es6-iterator-2.0.3.tgz",
            "integrity": "sha512-zw4SRzoUkd+cl+ZoE15A9o1oQd920Bb0iOJMQkQhl3jNc03YqVjAhG7scf9C5KWRU/R13Orf588uCC6525o02g==",
            "license": "MIT",
            "dependencies": {
                "d": "1",
                "es5-ext": "^0.10.35",
                "es6-symbol": "^3.1.1"
            }
        },
        "node_modules/es6-symbol": {
            "version": "3.1.4",
            "resolved": "https://registry.npmjs.org/es6-symbol/-/es6-symbol-3.1.4.tgz",
            "integrity": "sha512-U9bFFjX8tFiATgtkJ1zg25+KviIXpgRvRHS8sau3GfhVzThRQrOeksPeT0BWW2MNZs1OEWJ1DPXOQMn0KKRkvg==",
            "license": "ISC",
            "dependencies": {
                "d": "^1.0.2",
                "ext": "^1.7.0"
            },
            "engines": {
                "node": ">=0.12"
            }
        },
        "node_modules/es6-weak-map": {
            "version": "2.0.3",
            "resolved": "https://registry.npmjs.org/es6-weak-map/-/es6-weak-map-2.0.3.tgz",
            "integrity": "sha512-p5um32HOTO1kP+w7PRnB+5lQ43Z6muuMuIMffvDN8ZB4GcnjLBV6zGStpbASIMk4DCAvEaamhe2zhyCb/QXXsA==",
            "license": "ISC",
            "dependencies": {
                "d": "1",
                "es5-ext": "^0.10.46",
                "es6-iterator": "^2.0.3",
                "es6-symbol": "^3.1.1"
            }
        },
        "node_modules/esniff": {
            "version": "2.0.1",
            "resolved": "https://registry.npmjs.org/esniff/-/esniff-2.0.1.tgz",
            "integrity": "sha512-kTUIGKQ/mDPFoJ0oVfcmyJn4iBDRptjNVIzwIFR7tqWXdVI9xfA2RMwY/gbSpJG3lkdWNEjLap/NqVHZiJsdfg==",
            "license": "ISC",
            "dependencies": {
                "d": "^1.0.1",
                "es5-ext": "^0.10.62",
                "event-emitter": "^0.3.5",
                "type": "^2.7.2"
            },
            "engines": {
                "node": ">=0.10"
            }
        },
        "node_modules/event-emitter": {
            "version": "0.3.5",
            "resolved": "https://registry.npmjs.org/event-emitter/-/event-emitter-0.3.5.tgz",
            "integrity": "sha512-D9rRn9y7kLPnJ+hMq7S/nhvoKwwvVJahBi2BPmx3bvbsEdK3W9ii8cBSGjP+72/LnM4n6fo3+dkCX5FeTQruXA==",
            "license": "MIT",
            "dependencies": {
                "d": "1",
                "es5-ext": "~0.10.14"
            }
        },
        "node_modules/eventemitter3": {
            "version": "5.0.1",
            "resolved": "https://registry.npmjs.org/eventemitter3/-/eventemitter3-5.0.1.tgz",
            "integrity": "sha512-GWkBvjiSZK87ELrYOSESUYeVIc9mvLLf/nXalMOS5dYrgZq9o5OVkbZAVM06CVxYsCwH9BDZFPlQTlPA1j4ahA==",
            "license": "MIT"
        },
        "node_modules/ext": {
            "version": "1.7.0",
            "resolved": "https://registry.npmjs.org/ext/-/ext-1.7.0.tgz",
            "integrity": "sha512-6hxeJYaL110a9b5TEJSj0gojyHQAmA2ch5Os+ySCiA1QGdS697XWY1pzsrSjqA9LDEEgdB/KypIlR59RcLuHYw==",
            "license": "ISC",
            "dependencies": {
                "type": "^2.7.2"
            }
        },
        "node_modules/fetch-blob": {
            "version": "3.2.0",
            "resolved": "https://registry.npmjs.org/fetch-blob/-/fetch-blob-3.2.0.tgz",
            "integrity": "sha512-7yAQpD2UMJzLi1Dqv7qFYnPbaPx7ZfFK6PiIxQ4PfkGPyNyl2Ugx+a/umUonmKqjhM4DnfbMvdX6otXq83soQQ==",
            "funding": [
                {
                    "type": "github",
                    "url": "https://github.com/sponsors/jimmywarting"
                },
                {
                    "type": "paypal",
                    "url": "https://paypal.me/jimmywarting"
                }
            ],
            "license": "MIT",
            "dependencies": {
                "node-domexception": "^1.0.0",
                "web-streams-polyfill": "^3.0.3"
            },
            "engines": {
                "node": "^12.20 || >= 14.13"
            }
        },
        "node_modules/formdata-polyfill": {
            "version": "4.0.10",
            "resolved": "https://registry.npmjs.org/formdata-polyfill/-/formdata-polyfill-4.0.10.tgz",
            "integrity": "sha512-buewHzMvYL29jdeQTVILecSaZKnt/RJWjoZCF5OW60Z67/GmSLBkOFM7qh1PI3zFNtJbaZL5eQu1vLfazOwj4g==",
            "license": "MIT",
            "dependencies": {
                "fetch-blob": "^3.1.2"
            },
            "engines": {
                "node": ">=12.20.0"
            }
        },
        "node_modules/is-promise": {
            "version": "2.2.2",
            "resolved": "https://registry.npmjs.org/is-promise/-/is-promise-2.2.2.tgz",
            "integrity": "sha512-+lP4/6lKUBfQjZ2pdxThZvLUAafmZb8OAxFb8XXtiQmS35INgr85hdOGoEs124ez1FCnZJt6jau/T+alh58QFQ==",
            "license": "MIT"
        },
        "node_modules/lru-queue": {
            "version": "0.1.0",
            "resolved": "https://registry.npmjs.org/lru-queue/-/lru-queue-0.1.0.tgz",
            "integrity": "sha512-BpdYkt9EvGl8OfWHDQPISVpcl5xZthb+XPsbELj5AQXxIC8IriDZIQYjBJPEm5rS420sjZ0TLEzRcq5KdBhYrQ==",
            "license": "MIT",
            "dependencies": {
                "es5-ext": "~0.10.2"
            }
        },
        "node_modules/memoizee": {
            "version": "0.4.17",
            "resolved": "https://registry.npmjs.org/memoizee/-/memoizee-0.4.17.tgz",
            "integrity": "sha512-DGqD7Hjpi/1or4F/aYAspXKNm5Yili0QDAFAY4QYvpqpgiY6+1jOfqpmByzjxbWd/T9mChbCArXAbDAsTm5oXA==",
            "license": "ISC",
            "dependencies": {
                "d": "^1.0.2",
                "es5-ext": "^0.10.64",
                "es6-weak-map": "^2.0.3",
                "event-emitter": "^0.3.5",
                "is-promise": "^2.2.2",
                "lru-queue": "^0.1.0",
                "next-tick": "^1.1.0",
                "timers-ext": "^0.1.7"
            },
            "engines": {
                "node": ">=0.12"
            }
        },
        "node_modules/ms": {
            "version": "2.1.3",
            "resolved": "https://registry.npmjs.org/ms/-/ms-2.1.3.tgz",
            "integrity": "sha512-6FlzubTLZG3J2a/NVCAleEhjzq5oxgHyaCU9yYXvcLsvoVaHJq/s5xXI6/XXP6tz7R9xAOtHnSO/tXtF3WRTlA==",
            "license": "MIT"
        },
        "node_modules/next-tick": {
            "version": "1.1.0",
            "resolved": "https://registry.npmjs.org/next-tick/-/next-tick-1.1.0.tgz",
            "integrity": "sha512-CXdUiJembsNjuToQvxayPZF9Vqht7hewsvy2sOWafLvi2awflj9mOC6bHIg50orX8IJvWKY9wYQ/zB2kogPslQ==",
            "license": "ISC"
        },
        "node_modules/node-domexception": {
            "version": "1.0.0",
            "resolved": "https://registry.npmjs.org/node-domexception/-/node-domexception-1.0.0.tgz",
            "integrity": "sha512-/jKZoMpw0F8GRwl4/eLROPA3cfcXtLApP0QzLmUT/HuPCZWyB7IY9ZrMeKw2O/nFIqPQB3PVM9aYm0F312AXDQ==",
            "deprecated": "Use your platform's native DOMException instead",
            "funding": [
                {
                    "type": "github",
                    "url": "https://github.com/sponsors/jimmywarting"
                },
                {
                    "type": "github",
                    "url": "https://paypal.me/jimmywarting"
                }
            ],
            "license": "MIT",
            "engines": {
                "node": ">=10.5.0"
            }
        },
        "node_modules/node-fetch": {
            "version": "3.3.2",
            "resolved": "https://registry.npmjs.org/node-fetch/-/node-fetch-3.3.2.tgz",
            "integrity": "sha512-dRB78srN/l6gqWulah9SrxeYnxeddIG30+GOqK/9OlLVyLg3HPnr6SqOWTWOXKRwC2eGYCkZ59NNuSgvSrpgOA==",
            "license": "MIT",
            "dependencies": {
                "data-uri-to-buffer": "^4.0.0",
                "fetch-blob": "^3.1.4",
                "formdata-polyfill": "^4.0.10"
            },
            "engines": {
                "node": "^12.20.0 || ^14.13.1 || >=16.0.0"
            },
            "funding": {
                "type": "opencollective",
                "url": "https://opencollective.com/node-fetch"
            }
        },
        "node_modules/p-queue": {
            "version": "7.4.1",
            "resolved": "https://registry.npmjs.org/p-queue/-/p-queue-7.4.1.tgz",
            "integrity": "sha512-vRpMXmIkYF2/1hLBKisKeVYJZ8S2tZ0zEAmIJgdVKP2nq0nh4qCdf8bgw+ZgKrkh71AOCaqzwbJJk1WtdcF3VA==",
            "license": "MIT",
            "dependencies": {
                "eventemitter3": "^5.0.1",
                "p-timeout": "^5.0.2"
            },
            "engines": {
                "node": ">=12"
            },
            "funding": {
                "url": "https://github.com/sponsors/sindresorhus"
            }
        },
        "node_modules/p-timeout": {
            "version": "5.1.0",
            "resolved": "https://registry.npmjs.org/p-timeout/-/p-timeout-5.1.0.tgz",
            "integrity": "sha512-auFDyzzzGZZZdHz3BtET9VEz0SE/uMEAx7uWfGPucfzEwwe/xH0iVeZibQmANYE/hp9T2+UUZT5m+BKyrDp3Ew==",
            "license": "MIT",
            "engines": {
                "node": ">=12"
            },
            "funding": {
                "url": "https://github.com/sponsors/sindresorhus"
            }
        },
        "node_modules/timers-ext": {
            "version": "0.1.8",
            "resolved": "https://registry.npmjs.org/timers-ext/-/timers-ext-0.1.8.tgz",
            "integrity": "sha512-wFH7+SEAcKfJpfLPkrgMPvvwnEtj8W4IurvEyrKsDleXnKLCDw71w8jltvfLa8Rm4qQxxT4jmDBYbJG/z7qoww==",
            "license": "ISC",
            "dependencies": {
                "es5-ext": "^0.10.64",
                "next-tick": "^1.1.0"
            },
            "engines": {
                "node": ">=0.12"
            }
        },
        "node_modules/type": {
            "version": "2.7.3",
            "resolved": "https://registry.npmjs.org/type/-/type-2.7.3.tgz",
            "integrity": "sha512-8j+1QmAbPvLZow5Qpi6NCaN8FB60p/6x8/vfNqOk/hC+HuvFZhL4+WfekuhQLiqFZXOgQdrs3B+XxEmCc6b3FQ==",
            "license": "ISC"
        },
        "node_modules/web-streams-polyfill": {
            "version": "3.3.3",
            "resolved": "https://registry.npmjs.org/web-streams-polyfill/-/web-streams-polyfill-3.3.3.tgz",
            "integrity": "sha512-d2JWLCivmZYTSIoge9MsgFCZrt571BikcWGYkjC1khllbTeDlGqZ2D8vD8E/lJa8WGWbb7Plm8/XJYV7IJHZZw==",
            "license": "MIT",
            "engines": {
                "node": ">= 8"
            }
        }
    }
}
