{
  "name": "pi-workbench",
  "lockfileVersion": 3,
  "requires": true,
  "packages": {
    "": {
      "name": "pi-workbench",
      "dependencies": {
        "@wasmer/sdk": "0.19.0",
        "@xterm/addon-fit": "0.11.0",
        "@xterm/addon-webgl": "0.19.0",
        "@xterm/xterm": "6.0.0",
        "coi-serviceworker": "0.1.7",
        "fflate": "0.8.3"
      }
    },
    "node_modules/@mercuryworkshop/wisp-js": {
      "version": "0.4.1",
      "resolved": "https://registry.npmjs.org/@mercuryworkshop/wisp-js/-/wisp-js-0.4.1.tgz",
      "integrity": "sha512-104LwiXiuhti/e32gmv0Da0u0yuLFDHX8JawCzleTPWJ5t5qTX4EYi4E7/ucbjBPN9wwVPWHE5g5yGqzl/NzQA==",
      "license": "AGPL-3.0",
      "dependencies": {
        "bufferutil": "^4.0.9",
        "commander": "^14.0.2",
        "ipaddr.js": "^2.3.0",
        "ws": "^8.18.3"
      },
      "bin": {
        "wisp-js-server": "src/bin/server_cli.mjs"
      }
    },
    "node_modules/@wasmer/sdk": {
      "version": "0.19.0",
      "resolved": "https://registry.npmjs.org/@wasmer/sdk/-/sdk-0.19.0.tgz",
      "integrity": "sha512-4gdWiIlne8ti3dQl1yD6jrLLNKrQXmZXA6iy6ta/6sgYpixPLwymeGqhMzjAIHqhmwrD+SjPFpZ5ugd9SytDrQ==",
      "license": "SEE LICENSE IN LICENSE",
      "dependencies": {
        "@mercuryworkshop/wisp-js": "^0.4.1"
      },
      "engines": {
        "node": ">=20"
      }
    },
    "node_modules/@xterm/addon-fit": {
      "version": "0.11.0",
      "resolved": "https://registry.npmjs.org/@xterm/addon-fit/-/addon-fit-0.11.0.tgz",
      "integrity": "sha512-jYcgT6xtVYhnhgxh3QgYDnnNMYTcf8ElbxxFzX0IZo+vabQqSPAjC3c1wJrKB5E19VwQei89QCiZZP86DCPF7g==",
      "license": "MIT"
    },
    "node_modules/@xterm/addon-webgl": {
      "version": "0.19.0",
      "resolved": "https://registry.npmjs.org/@xterm/addon-webgl/-/addon-webgl-0.19.0.tgz",
      "integrity": "sha512-b3fMOsyLVuCeNJWxolACEUED0vm7qC0cy4wRvf3oURSzDTYVQiGPhTnhWZwIHdvC48Y+oLhvYXnY4XDXPoJo6A==",
      "license": "MIT"
    },
    "node_modules/@xterm/xterm": {
      "version": "6.0.0",
      "resolved": "https://registry.npmjs.org/@xterm/xterm/-/xterm-6.0.0.tgz",
      "integrity": "sha512-TQwDdQGtwwDt+2cgKDLn0IRaSxYu1tSUjgKarSDkUM0ZNiSRXFpjxEsvc/Zgc5kq5omJ+V0a8/kIM2WD3sMOYg==",
      "license": "MIT",
      "workspaces": [
        "addons/*"
      ]
    },
    "node_modules/bufferutil": {
      "version": "4.1.0",
      "resolved": "https://registry.npmjs.org/bufferutil/-/bufferutil-4.1.0.tgz",
      "integrity": "sha512-ZMANVnAixE6AWWnPzlW2KpUrxhm9woycYvPOo67jWHyFowASTEd9s+QN1EIMsSDtwhIxN4sWE1jotpuDUIgyIw==",
      "hasInstallScript": true,
      "license": "MIT",
      "dependencies": {
        "node-gyp-build": "^4.3.0"
      },
      "engines": {
        "node": ">=6.14.2"
      }
    },
    "node_modules/coi-serviceworker": {
      "version": "0.1.7",
      "resolved": "https://registry.npmjs.org/coi-serviceworker/-/coi-serviceworker-0.1.7.tgz",
      "integrity": "sha512-bjSUqEngCPOkErY2vbyWsaIGCNRODYzlNycaREVw5s12/C8SM+RnRUUeX6pZbTtov6C52ZLY/+tvHK+BDxuUuA==",
      "license": "MIT"
    },
    "node_modules/commander": {
      "version": "14.0.3",
      "resolved": "https://registry.npmjs.org/commander/-/commander-14.0.3.tgz",
      "integrity": "sha512-H+y0Jo/T1RZ9qPP4Eh1pkcQcLRglraJaSLoyOtHxu6AapkjWVCy2Sit1QQ4x3Dng8qDlSsZEet7g5Pq06MvTgw==",
      "license": "MIT",
      "engines": {
        "node": ">=20"
      }
    },
    "node_modules/fflate": {
      "version": "0.8.3",
      "resolved": "https://registry.npmjs.org/fflate/-/fflate-0.8.3.tgz",
      "integrity": "sha512-tbZNuJrLwGUp3zshBtdy4W+ORxZuIh8a5ilyIEQDC5rY1f3U20JMry0Ll3WBzU58EZKsEuJFXhb5gwv8CsPvgA==",
      "license": "MIT"
    },
    "node_modules/ipaddr.js": {
      "version": "2.5.0",
      "resolved": "https://registry.npmjs.org/ipaddr.js/-/ipaddr.js-2.5.0.tgz",
      "integrity": "sha512-aq+t5NAc+cS6rZQQVWC2x98CPqGtKKTMDd4Gaodv0wShnItdKg/51djkGJ1hqH+Oy0ivDftCbSLCQob8zso01w==",
      "license": "MIT",
      "engines": {
        "node": ">= 10"
      }
    },
    "node_modules/node-gyp-build": {
      "version": "4.8.4",
      "resolved": "https://registry.npmjs.org/node-gyp-build/-/node-gyp-build-4.8.4.tgz",
      "integrity": "sha512-LA4ZjwlnUblHVgq0oBF3Jl/6h/Nvs5fzBLwdEF4nuxnFdsfajde4WfxtJr3CaiH+F6ewcIB/q4jQ4UzPyid+CQ==",
      "license": "MIT",
      "bin": {
        "node-gyp-build": "bin.js",
        "node-gyp-build-optional": "optional.js",
        "node-gyp-build-test": "build-test.js"
      }
    },
    "node_modules/ws": {
      "version": "8.22.0",
      "resolved": "https://registry.npmjs.org/ws/-/ws-8.22.0.tgz",
      "integrity": "sha512-Ydggc987+RO0AnWtZ/7Wq9FtNvcrL1b/RO0ud9mWjUPgDrsAAwQSF51sm2hm1XofbU/4jkpGEsLFsZZxU+1DOg==",
      "license": "MIT",
      "engines": {
        "node": ">=10.0.0"
      },
      "peerDependencies": {
        "bufferutil": "^4.0.1",
        "utf-8-validate": ">=5.0.2"
      },
      "peerDependenciesMeta": {
        "bufferutil": {
          "optional": true
        },
        "utf-8-validate": {
          "optional": true
        }
      }
    }
  }
}
